
Microsoft Visual Studio Solution File, Format Version 12.00
# Visual Studio Version 17
VisualStudioVersion = 17.14.36603.0 d17.14
MinimumVisualStudioVersion = 10.0.40219.1
Project("{FAE04EC0-301F-11D3-BF4B-00C04F79EFBC}") = "CommunityHospital", "s\CommunityHospital.csproj", "{4E96CE46-2754-47B1-BEAF-52029FA09479}"
EndProject
Global
	GlobalSection(SolutionConfigurationPlatforms) = preSolution
		Debug|Any CPU = Debug|Any CPU
		Release|Any CPU = Release|Any CPU
	EndGlobalSection
	GlobalSection(ProjectConfigurationPlatforms) = postSolution
		{4E96CE46-2754-47B1-BEAF-52029FA09479}.Debug|Any CPU.ActiveCfg = Debug|Any CPU
		{4E96CE46-2754-47B1-BEAF-52029FA09479}.Debug|Any CPU.Build.0 = Debug|Any CPU
		{4E96CE46-2754-47B1-BEAF-52029FA09479}.Release|Any CPU.ActiveCfg = Release|Any CPU
		{4E96CE46-2754-47B1-BEAF-52029FA09479}.Release|Any CPU.Build.0 = Release|Any CPU
	EndGlobalSection
	GlobalSection(SolutionProperties) = preSolution
		HideSolutionNode = FALSE
	EndGlobalSection
	GlobalSection(ExtensibilityGlobals) = postSolution
		SolutionGuid = {9780DCF7-9C9D-4955-A8C6-D088F174BB3F}
	EndGlobalSection
EndGlobal
